
Microsoft Visual Studio Solution File, Format Version 12.00
# Visual Studio Version 17
VisualStudioVersion = 17.7.34003.232
MinimumVisualStudioVersion = 10.0.40219.1
Project("{FAE04EC0-301F-11D3-BF4B-00C04F79EFBC}") = "Exercicio 1", "Exercicio 1\Exercicio 1.csproj", "{16B9B955-97EB-4DEF-9AC1-B906CFE59915}"
EndProject
Global
	GlobalSection(SolutionConfigurationPlatforms) = preSolution
		Debug|Any CPU = Debug|Any CPU
		Release|Any CPU = Release|Any CPU
	EndGlobalSection
	GlobalSection(ProjectConfigurationPlatforms) = postSolution
		{16B9B955-97EB-4DEF-9AC1-B906CFE59915}.Debug|Any CPU.ActiveCfg = Debug|Any CPU
		{16B9B955-97EB-4DEF-9AC1-B906CFE59915}.Debug|Any CPU.Build.0 = Debug|Any CPU
		{16B9B955-97EB-4DEF-9AC1-B906CFE59915}.Release|Any CPU.ActiveCfg = Release|Any CPU
		{16B9B955-97EB-4DEF-9AC1-B906CFE59915}.Release|Any CPU.Build.0 = Release|Any CPU
	EndGlobalSection
	GlobalSection(SolutionProperties) = preSolution
		HideSolutionNode = FALSE
	EndGlobalSection
	GlobalSection(ExtensibilityGlobals) = postSolution
		SolutionGuid = {056394F5-98E5-44BA-81F2-1D758EF0CBD4}
	EndGlobalSection
EndGlobal
