
Microsoft Visual Studio Solution File, Format Version 12.00
# Visual Studio Version 17
VisualStudioVersion = 17.5.002.0
MinimumVisualStudioVersion = 10.0.40219.1
Project("{9A19103F-16F7-4668-BE54-9A1E7A4F7556}") = "course 2", "course 2.csproj", "{8328480D-7E8D-4D34-A158-615DFB0D0972}"
EndProject
Global
	GlobalSection(SolutionConfigurationPlatforms) = preSolution
		Debug|Any CPU = Debug|Any CPU
		Release|Any CPU = Release|Any CPU
	EndGlobalSection
	GlobalSection(ProjectConfigurationPlatforms) = postSolution
		{8328480D-7E8D-4D34-A158-615DFB0D0972}.Debug|Any CPU.ActiveCfg = Debug|Any CPU
		{8328480D-7E8D-4D34-A158-615DFB0D0972}.Debug|Any CPU.Build.0 = Debug|Any CPU
		{8328480D-7E8D-4D34-A158-615DFB0D0972}.Release|Any CPU.ActiveCfg = Release|Any CPU
		{8328480D-7E8D-4D34-A158-615DFB0D0972}.Release|Any CPU.Build.0 = Release|Any CPU
	EndGlobalSection
	GlobalSection(SolutionProperties) = preSolution
		HideSolutionNode = FALSE
	EndGlobalSection
	GlobalSection(ExtensibilityGlobals) = postSolution
		SolutionGuid = {54787867-2292-45FB-90B5-2038E1670BF2}
	EndGlobalSection
EndGlobal
